// !$*UTF8*$!
{
	archiveVersion = 1;
	classes = {
	};
	objectVersion = 46;
	objects = {

/* Begin PBXBuildFile section */
		0F1D3F39197DE9ED00533718 /* IBRoundView.m in Sources */ = {isa = PBXBuildFile; fileRef = 0F1D3F38197DE9ED00533718 /* IBRoundView.m */; };
		0F1D3F3B197DED2F00533718 /* QuartzCore.framework in Frameworks */ = {isa = PBXBuildFile; fileRef = 0F1D3F3A197DED2F00533718 /* QuartzCore.framework */; };
		0F70F3EA197DD5DA0092133A /* Foundation.framework in Frameworks */ = {isa = PBXBuildFile; fileRef = 0F70F3E9197DD5DA0092133A /* Foundation.framework */; };
		0F70F3EC197DD5DA0092133A /* CoreGraphics.framework in Frameworks */ = {isa = PBXBuildFile; fileRef = 0F70F3EB197DD5DA0092133A /* CoreGraphics.framework */; };
		0F70F3EE197DD5DA0092133A /* UIKit.framework in Frameworks */ = {isa = PBXBuildFile; fileRef = 0F70F3ED197DD5DA0092133A /* UIKit.framework */; };
		0F70F3F4197DD5DA0092133A /* InfoPlist.strings in Resources */ = {isa = PBXBuildFile; fileRef = 0F70F3F2197DD5DA0092133A /* InfoPlist.strings */; };
		0F70F3F6197DD5DA0092133A /* main.m in Sources */ = {isa = PBXBuildFile; fileRef = 0F70F3F5197DD5DA0092133A /* main.m */; };
		0F70F3FA197DD5DA0092133A /* IBAppDelegate.m in Sources */ = {isa = PBXBuildFile; fileRef = 0F70F3F9197DD5DA0092133A /* IBAppDelegate.m */; };
		0F70F3FC197DD5DA0092133A /* Images.xcassets in Resources */ = {isa = PBXBuildFile; fileRef = 0F70F3FB197DD5DA0092133A /* Images.xcassets */; };
		0F70F403197DD5DA0092133A /* XCTest.framework in Frameworks */ = {isa = PBXBuildFile; fileRef = 0F70F402197DD5DA0092133A /* XCTest.framework */; };
		0F70F404197DD5DA0092133A /* Foundation.framework in Frameworks */ = {isa = PBXBuildFile; fileRef = 0F70F3E9197DD5DA0092133A /* Foundation.framework */; };
		0F70F405197DD5DA0092133A /* UIKit.framework in Frameworks */ = {isa = PBXBuildFile; fileRef = 0F70F3ED197DD5DA0092133A /* UIKit.framework */; };
		0F70F40D197DD5DA0092133A /* InfoPlist.strings in Resources */ = {isa = PBXBuildFile; fileRef = 0F70F40B197DD5DA0092133A /* InfoPlist.strings */; };
		0F70F40F197DD5DA0092133A /* IBProgressViewTests.m in Sources */ = {isa = PBXBuildFile; fileRef = 0F70F40E197DD5DA0092133A /* IBProgressViewTests.m */; };
		0F70F41A197DD6690092133A /* IBProgressSampleViewController.m in Sources */ = {isa = PBXBuildFile; fileRef = 0F70F419197DD6690092133A /* IBProgressSampleViewController.m */; };
		0F70F41D197DD7400092133A /* IBProgressMainView.m in Sources */ = {isa = PBXBuildFile; fileRef = 0F70F41C197DD7400092133A /* IBProgressMainView.m */; };
		0F70F420197DDAC10092133A /* IBNavigationBar.m in Sources */ = {isa = PBXBuildFile; fileRef = 0F70F41F197DDAC10092133A /* IBNavigationBar.m */; };
		0F8C15CC198157870077682C /* IBStraightLineView.m in Sources */ = {isa = PBXBuildFile; fileRef = 0F8C15CB198157870077682C /* IBStraightLineView.m */; };
		0F8C15CF19816E680077682C /* UIView+Glow.m in Sources */ = {isa = PBXBuildFile; fileRef = 0F8C15CE19816E680077682C /* UIView+Glow.m */; };
		0FBAED911982E7EC0023507D /* CoreText.framework in Frameworks */ = {isa = PBXBuildFile; fileRef = 0FBAED901982E7EC0023507D /* CoreText.framework */; };
/* End PBXBuildFile section */

/* Begin PBXContainerItemProxy section */
		0F70F406197DD5DA0092133A /* PBXContainerItemProxy */ = {
			isa = PBXContainerItemProxy;
			containerPortal = 0F70F3DE197DD5DA0092133A /* Project object */;
			proxyType = 1;
			remoteGlobalIDString = 0F70F3E5197DD5DA0092133A;
			remoteInfo = IBProgressView;
		};
/* End PBXContainerItemProxy section */

/* Begin PBXFileReference section */
		0F1D3F37197DE9ED00533718 /* IBRoundView.h */ = {isa = PBXFileReference; fileEncoding = 4; lastKnownFileType = sourcecode.c.h; path = IBRoundView.h; sourceTree = "<group>"; };
		0F1D3F38197DE9ED00533718 /* IBRoundView.m */ = {isa = PBXFileReference; fileEncoding = 4; lastKnownFileType = sourcecode.c.objc; path = IBRoundView.m; sourceTree = "<group>"; };
		0F1D3F3A197DED2F00533718 /* QuartzCore.framework */ = {isa = PBXFileReference; lastKnownFileType = wrapper.framework; name = QuartzCore.framework; path = System/Library/Frameworks/QuartzCore.framework; sourceTree = SDKROOT; };
		0F70F3E6197DD5DA0092133A /* IBProgressView.app */ = {isa = PBXFileReference; explicitFileType = wrapper.application; includeInIndex = 0; path = IBProgressView.app; sourceTree = BUILT_PRODUCTS_DIR; };
		0F70F3E9197DD5DA0092133A /* Foundation.framework */ = {isa = PBXFileReference; lastKnownFileType = wrapper.framework; name = Foundation.framework; path = System/Library/Frameworks/Foundation.framework; sourceTree = SDKROOT; };
		0F70F3EB197DD5DA0092133A /* CoreGraphics.framework */ = {isa = PBXFileReference; lastKnownFileType = wrapper.framework; name = CoreGraphics.framework; path = System/Library/Frameworks/CoreGraphics.framework; sourceTree = SDKROOT; };
		0F70F3ED197DD5DA0092133A /* UIKit.framework */ = {isa = PBXFileReference; lastKnownFileType = wrapper.framework; name = UIKit.framework; path = System/Library/Frameworks/UIKit.framework; sourceTree = SDKROOT; };
		0F70F3F1197DD5DA0092133A /* IBProgressView-Info.plist */ = {isa = PBXFileReference; lastKnownFileType = text.plist.xml; path = "IBProgressView-Info.plist"; sourceTree = "<group>"; };
		0F70F3F3197DD5DA0092133A /* en */ = {isa = PBXFileReference; lastKnownFileType = text.plist.strings; name = en; path = en.lproj/InfoPlist.strings; sourceTree = "<group>"; };
		0F70F3F5197DD5DA0092133A /* main.m */ = {isa = PBXFileReference; lastKnownFileType = sourcecode.c.objc; path = main.m; sourceTree = "<group>"; };
		0F70F3F7197DD5DA0092133A /* IBProgressView-Prefix.pch */ = {isa = PBXFileReference; lastKnownFileType = sourcecode.c.h; path = "IBProgressView-Prefix.pch"; sourceTree = "<group>"; };
		0F70F3F8197DD5DA0092133A /* IBAppDelegate.h */ = {isa = PBXFileReference; lastKnownFileType = sourcecode.c.h; path = IBAppDelegate.h; sourceTree = "<group>"; };
		0F70F3F9197DD5DA0092133A /* IBAppDelegate.m */ = {isa = PBXFileReference; lastKnownFileType = sourcecode.c.objc; path = IBAppDelegate.m; sourceTree = "<group>"; };
		0F70F3FB197DD5DA0092133A /* Images.xcassets */ = {isa = PBXFileReference; lastKnownFileType = folder.assetcatalog; path = Images.xcassets; sourceTree = "<group>"; };
		0F70F401197DD5DA0092133A /* IBProgressViewTests.xctest */ = {isa = PBXFileReference; explicitFileType = wrapper.cfbundle; includeInIndex = 0; path = IBProgressViewTests.xctest; sourceTree = BUILT_PRODUCTS_DIR; };
		0F70F402197DD5DA0092133A /* XCTest.framework */ = {isa = PBXFileReference; lastKnownFileType = wrapper.framework; name = XCTest.framework; path = Library/Frameworks/XCTest.framework; sourceTree = DEVELOPER_DIR; };
		0F70F40A197DD5DA0092133A /* IBProgressViewTests-Info.plist */ = {isa = PBXFileReference; lastKnownFileType = text.plist.xml; path = "IBProgressViewTests-Info.plist"; sourceTree = "<group>"; };
		0F70F40C197DD5DA0092133A /* en */ = {isa = PBXFileReference; lastKnownFileType = text.plist.strings; name = en; path = en.lproj/InfoPlist.strings; sourceTree = "<group>"; };
		0F70F40E197DD5DA0092133A /* IBProgressViewTests.m */ = {isa = PBXFileReference; lastKnownFileType = sourcecode.c.objc; path = IBProgressViewTests.m; sourceTree = "<group>"; };
		0F70F418197DD6690092133A /* IBProgressSampleViewController.h */ = {isa = PBXFileReference; fileEncoding = 4; lastKnownFileType = sourcecode.c.h; path = IBProgressSampleViewController.h; sourceTree = "<group>"; };
		0F70F419197DD6690092133A /* IBProgressSampleViewController.m */ = {isa = PBXFileReference; fileEncoding = 4; lastKnownFileType = sourcecode.c.objc; path = IBProgressSampleViewController.m; sourceTree = "<group>"; };
		0F70F41B197DD7400092133A /* IBProgressMainView.h */ = {isa = PBXFileReference; fileEncoding = 4; lastKnownFileType = sourcecode.c.h; path = IBProgressMainView.h; sourceTree = "<group>"; };
		0F70F41C197DD7400092133A /* IBProgressMainView.m */ = {isa = PBXFileReference; fileEncoding = 4; lastKnownFileType = sourcecode.c.objc; path = IBProgressMainView.m; sourceTree = "<group>"; };
		0F70F41E197DDAC10092133A /* IBNavigationBar.h */ = {isa = PBXFileReference; fileEncoding = 4; lastKnownFileType = sourcecode.c.h; path = IBNavigationBar.h; sourceTree = "<group>"; };
		0F70F41F197DDAC10092133A /* IBNavigationBar.m */ = {isa = PBXFileReference; fileEncoding = 4; lastKnownFileType = sourcecode.c.objc; path = IBNavigationBar.m; sourceTree = "<group>"; };
		0F8C15CA198157870077682C /* IBStraightLineView.h */ = {isa = PBXFileReference; fileEncoding = 4; lastKnownFileType = sourcecode.c.h; path = IBStraightLineView.h; sourceTree = "<group>"; };
		0F8C15CB198157870077682C /* IBStraightLineView.m */ = {isa = PBXFileReference; fileEncoding = 4; lastKnownFileType = sourcecode.c.objc; path = IBStraightLineView.m; sourceTree = "<group>"; };
		0F8C15CD19816E680077682C /* UIView+Glow.h */ = {isa = PBXFileReference; fileEncoding = 4; lastKnownFileType = sourcecode.c.h; path = "UIView+Glow.h"; sourceTree = "<group>"; };
		0F8C15CE19816E680077682C /* UIView+Glow.m */ = {isa = PBXFileReference; fileEncoding = 4; lastKnownFileType = sourcecode.c.objc; path = "UIView+Glow.m"; sourceTree = "<group>"; };
		0FBAED901982E7EC0023507D /* CoreText.framework */ = {isa = PBXFileReference; lastKnownFileType = wrapper.framework; name = CoreText.framework; path = System/Library/Frameworks/CoreText.framework; sourceTree = SDKROOT; };
/* End PBXFileReference section */

/* Begin PBXFrameworksBuildPhase section */
		0F70F3E3197DD5DA0092133A /* Frameworks */ = {
			isa = PBXFrameworksBuildPhase;
			buildActionMask = 2147483647;
			files = (
				0FBAED911982E7EC0023507D /* CoreText.framework in Frameworks */,
				0F1D3F3B197DED2F00533718 /* QuartzCore.framework in Frameworks */,
				0F70F3EC197DD5DA0092133A /* CoreGraphics.framework in Frameworks */,
				0F70F3EE197DD5DA0092133A /* UIKit.framework in Frameworks */,
				0F70F3EA197DD5DA0092133A /* Foundation.framework in Frameworks */,
			);
			runOnlyForDeploymentPostprocessing = 0;
		};
		0F70F3FE197DD5DA0092133A /* Frameworks */ = {
			isa = PBXFrameworksBuildPhase;
			buildActionMask = 2147483647;
			files = (
				0F70F403197DD5DA0092133A /* XCTest.framework in Frameworks */,
				0F70F405197DD5DA0092133A /* UIKit.framework in Frameworks */,
				0F70F404197DD5DA0092133A /* Foundation.framework in Frameworks */,
			);
			runOnlyForDeploymentPostprocessing = 0;
		};
/* End PBXFrameworksBuildPhase section */

/* Begin PBXGroup section */
		0F70F3DD197DD5DA0092133A = {
			isa = PBXGroup;
			children = (
				0F70F3EF197DD5DA0092133A /* IBProgressView */,
				0F70F408197DD5DA0092133A /* IBProgressViewTests */,
				0F70F3E8197DD5DA0092133A /* Frameworks */,
				0F70F3E7197DD5DA0092133A /* Products */,
			);
			sourceTree = "<group>";
		};
		0F70F3E7197DD5DA0092133A /* Products */ = {
			isa = PBXGroup;
			children = (
				0F70F3E6197DD5DA0092133A /* IBProgressView.app */,
				0F70F401197DD5DA0092133A /* IBProgressViewTests.xctest */,
			);
			name = Products;
			sourceTree = "<group>";
		};
		0F70F3E8197DD5DA0092133A /* Frameworks */ = {
			isa = PBXGroup;
			children = (
				0FBAED901982E7EC0023507D /* CoreText.framework */,
				0F1D3F3A197DED2F00533718 /* QuartzCore.framework */,
				0F70F3E9197DD5DA0092133A /* Foundation.framework */,
				0F70F3EB197DD5DA0092133A /* CoreGraphics.framework */,
				0F70F3ED197DD5DA0092133A /* UIKit.framework */,
				0F70F402197DD5DA0092133A /* XCTest.framework */,
			);
			name = Frameworks;
			sourceTree = "<group>";
		};
		0F70F3EF197DD5DA0092133A /* IBProgressView */ = {
			isa = PBXGroup;
			children = (
				0F70F3F8197DD5DA0092133A /* IBAppDelegate.h */,
				0F70F3F9197DD5DA0092133A /* IBAppDelegate.m */,
				0F8C15CD19816E680077682C /* UIView+Glow.h */,
				0F8C15CE19816E680077682C /* UIView+Glow.m */,
				0F70F41B197DD7400092133A /* IBProgressMainView.h */,
				0F70F41C197DD7400092133A /* IBProgressMainView.m */,
				0F70F418197DD6690092133A /* IBProgressSampleViewController.h */,
				0F70F419197DD6690092133A /* IBProgressSampleViewController.m */,
				0F70F41E197DDAC10092133A /* IBNavigationBar.h */,
				0F70F41F197DDAC10092133A /* IBNavigationBar.m */,
				0F8C15CA198157870077682C /* IBStraightLineView.h */,
				0F8C15CB198157870077682C /* IBStraightLineView.m */,
				0F1D3F37197DE9ED00533718 /* IBRoundView.h */,
				0F1D3F38197DE9ED00533718 /* IBRoundView.m */,
				0F70F3FB197DD5DA0092133A /* Images.xcassets */,
				0F70F3F0197DD5DA0092133A /* Supporting Files */,
			);
			path = IBProgressView;
			sourceTree = "<group>";
		};
		0F70F3F0197DD5DA0092133A /* Supporting Files */ = {
			isa = PBXGroup;
			children = (
				0F70F3F1197DD5DA0092133A /* IBProgressView-Info.plist */,
				0F70F3F2197DD5DA0092133A /* InfoPlist.strings */,
				0F70F3F5197DD5DA0092133A /* main.m */,
				0F70F3F7197DD5DA0092133A /* IBProgressView-Prefix.pch */,
			);
			name = "Supporting Files";
			sourceTree = "<group>";
		};
		0F70F408197DD5DA0092133A /* IBProgressViewTests */ = {
			isa = PBXGroup;
			children = (
				0F70F40E197DD5DA0092133A /* IBProgressViewTests.m */,
				0F70F409197DD5DA0092133A /* Supporting Files */,
			);
			path = IBProgressViewTests;
			sourceTree = "<group>";
		};
		0F70F409197DD5DA0092133A /* Supporting Files */ = {
			isa = PBXGroup;
			children = (
				0F70F40A197DD5DA0092133A /* IBProgressViewTests-Info.plist */,
				0F70F40B197DD5DA0092133A /* InfoPlist.strings */,
			);
			name = "Supporting Files";
			sourceTree = "<group>";
		};
/* End PBXGroup section */

/* Begin PBXNativeTarget section */
		0F70F3E5197DD5DA0092133A /* IBProgressView */ = {
			isa = PBXNativeTarget;
			buildConfigurationList = 0F70F412197DD5DA0092133A /* Build configuration list for PBXNativeTarget "IBProgressView" */;
			buildPhases = (
				0F70F3E2197DD5DA0092133A /* Sources */,
				0F70F3E3197DD5DA0092133A /* Frameworks */,
				0F70F3E4197DD5DA0092133A /* Resources */,
			);
			buildRules = (
			);
			dependencies = (
			);
			name = IBProgressView;
			productName = IBProgressView;
			productReference = 0F70F3E6197DD5DA0092133A /* IBProgressView.app */;
			productType = "com.apple.product-type.application";
		};
		0F70F400197DD5DA0092133A /* IBProgressViewTests */ = {
			isa = PBXNativeTarget;
			buildConfigurationList = 0F70F415197DD5DA0092133A /* Build configuration list for PBXNativeTarget "IBProgressViewTests" */;
			buildPhases = (
				0F70F3FD197DD5DA0092133A /* Sources */,
				0F70F3FE197DD5DA0092133A /* Frameworks */,
				0F70F3FF197DD5DA0092133A /* Resources */,
			);
			buildRules = (
			);
			dependencies = (
				0F70F407197DD5DA0092133A /* PBXTargetDependency */,
			);
			name = IBProgressViewTests;
			productName = IBProgressViewTests;
			productReference = 0F70F401197DD5DA0092133A /* IBProgressViewTests.xctest */;
			productType = "com.apple.product-type.bundle.unit-test";
		};
/* End PBXNativeTarget section */

/* Begin PBXProject section */
		0F70F3DE197DD5DA0092133A /* Project object */ = {
			isa = PBXProject;
			attributes = {
				CLASSPREFIX = IB;
				LastUpgradeCheck = 0510;
				ORGANIZATIONNAME = "Handybook Inc";
				TargetAttributes = {
					0F70F400197DD5DA0092133A = {
						TestTargetID = 0F70F3E5197DD5DA0092133A;
					};
				};
			};
			buildConfigurationList = 0F70F3E1197DD5DA0092133A /* Build configuration list for PBXProject "IBProgressView" */;
			compatibilityVersion = "Xcode 3.2";
			developmentRegion = English;
			hasScannedForEncodings = 0;
			knownRegions = (
				en,
			);
			mainGroup = 0F70F3DD197DD5DA0092133A;
			productRefGroup = 0F70F3E7197DD5DA0092133A /* Products */;
			projectDirPath = "";
			projectRoot = "";
			targets = (
				0F70F3E5197DD5DA0092133A /* IBProgressView */,
				0F70F400197DD5DA0092133A /* IBProgressViewTests */,
			);
		};
/* End PBXProject section */

/* Begin PBXResourcesBuildPhase section */
		0F70F3E4197DD5DA0092133A /* Resources */ = {
			isa = PBXResourcesBuildPhase;
			buildActionMask = 2147483647;
			files = (
				0F70F3F4197DD5DA0092133A /* InfoPlist.strings in Resources */,
				0F70F3FC197DD5DA0092133A /* Images.xcassets in Resources */,
			);
			runOnlyForDeploymentPostprocessing = 0;
		};
		0F70F3FF197DD5DA0092133A /* Resources */ = {
			isa = PBXResourcesBuildPhase;
			buildActionMask = 2147483647;
			files = (
				0F70F40D197DD5DA0092133A /* InfoPlist.strings in Resources */,
			);
			runOnlyForDeploymentPostprocessing = 0;
		};
/* End PBXResourcesBuildPhase section */

/* Begin PBXSourcesBuildPhase section */
		0F70F3E2197DD5DA0092133A /* Sources */ = {
			isa = PBXSourcesBuildPhase;
			buildActionMask = 2147483647;
			files = (
				0F70F420197DDAC10092133A /* IBNavigationBar.m in Sources */,
				0F70F3F6197DD5DA0092133A /* main.m in Sources */,
				0F70F3FA197DD5DA0092133A /* IBAppDelegate.m in Sources */,
				0F70F41A197DD6690092133A /* IBProgressSampleViewController.m in Sources */,
				0F8C15CC198157870077682C /* IBStraightLineView.m in Sources */,
				0F8C15CF19816E680077682C /* UIView+Glow.m in Sources */,
				0F1D3F39197DE9ED00533718 /* IBRoundView.m in Sources */,
				0F70F41D197DD7400092133A /* IBProgressMainView.m in Sources */,
			);
			runOnlyForDeploymentPostprocessing = 0;
		};
		0F70F3FD197DD5DA0092133A /* Sources */ = {
			isa = PBXSourcesBuildPhase;
			buildActionMask = 2147483647;
			files = (
				0F70F40F197DD5DA0092133A /* IBProgressViewTests.m in Sources */,
			);
			runOnlyForDeploymentPostprocessing = 0;
		};
/* End PBXSourcesBuildPhase section */

/* Begin PBXTargetDependency section */
		0F70F407197DD5DA0092133A /* PBXTargetDependency */ = {
			isa = PBXTargetDependency;
			target = 0F70F3E5197DD5DA0092133A /* IBProgressView */;
			targetProxy = 0F70F406197DD5DA0092133A /* PBXContainerItemProxy */;
		};
/* End PBXTargetDependency section */

/* Begin PBXVariantGroup section */
		0F70F3F2197DD5DA0092133A /* InfoPlist.strings */ = {
			isa = PBXVariantGroup;
			children = (
				0F70F3F3197DD5DA0092133A /* en */,
			);
			name = InfoPlist.strings;
			sourceTree = "<group>";
		};
		0F70F40B197DD5DA0092133A /* InfoPlist.strings */ = {
			isa = PBXVariantGroup;
			children = (
				0F70F40C197DD5DA0092133A /* en */,
			);
			name = InfoPlist.strings;
			sourceTree = "<group>";
		};
/* End PBXVariantGroup section */

/* Begin XCBuildConfiguration section */
		0F70F410197DD5DA0092133A /* Debug */ = {
			isa = XCBuildConfiguration;
			buildSettings = {
				ALWAYS_SEARCH_USER_PATHS = NO;
				CLANG_CXX_LANGUAGE_STANDARD = "gnu++0x";
				CLANG_CXX_LIBRARY = "libc++";
				CLANG_ENABLE_MODULES = YES;
				CLANG_ENABLE_OBJC_ARC = YES;
				CLANG_WARN_BOOL_CONVERSION = YES;
				CLANG_WARN_CONSTANT_CONVERSION = YES;
				CLANG_WARN_DIRECT_OBJC_ISA_USAGE = YES_ERROR;
				CLANG_WARN_EMPTY_BODY = YES;
				CLANG_WARN_ENUM_CONVERSION = YES;
				CLANG_WARN_INT_CONVERSION = YES;
				CLANG_WARN_OBJC_ROOT_CLASS = YES_ERROR;
				CLANG_WARN__DUPLICATE_METHOD_MATCH = YES;
				"CODE_SIGN_IDENTITY[sdk=iphoneos*]" = "iPhone Developer";
				COPY_PHASE_STRIP = NO;
				GCC_C_LANGUAGE_STANDARD = gnu99;
				GCC_DYNAMIC_NO_PIC = NO;
				GCC_OPTIMIZATION_LEVEL = 0;
				GCC_PREPROCESSOR_DEFINITIONS = (
					"DEBUG=1",
					"$(inherited)",
				);
				GCC_SYMBOLS_PRIVATE_EXTERN = NO;
				GCC_WARN_64_TO_32_BIT_CONVERSION = YES;
				GCC_WARN_ABOUT_RETURN_TYPE = YES_ERROR;
				GCC_WARN_UNDECLARED_SELECTOR = YES;
				GCC_WARN_UNINITIALIZED_AUTOS = YES_AGGRESSIVE;
				GCC_WARN_UNUSED_FUNCTION = YES;
				GCC_WARN_UNUSED_VARIABLE = YES;
				IPHONEOS_DEPLOYMENT_TARGET = 7.1;
				ONLY_ACTIVE_ARCH = YES;
				SDKROOT = iphoneos;
				TARGETED_DEVICE_FAMILY = "1,2";
			};
			name = Debug;
		};
		0F70F411197DD5DA0092133A /* Release */ = {
			isa = XCBuildConfiguration;
			buildSettings = {
				ALWAYS_SEARCH_USER_PATHS = NO;
				CLANG_CXX_LANGUAGE_STANDARD = "gnu++0x";
				CLANG_CXX_LIBRARY = "libc++";
				CLANG_ENABLE_MODULES = YES;
				CLANG_ENABLE_OBJC_ARC = YES;
				CLANG_WARN_BOOL_CONVERSION = YES;
				CLANG_WARN_CONSTANT_CONVERSION = YES;
				CLANG_WARN_DIRECT_OBJC_ISA_USAGE = YES_ERROR;
				CLANG_WARN_EMPTY_BODY = YES;
				CLANG_WARN_ENUM_CONVERSION = YES;
				CLANG_WARN_INT_CONVERSION = YES;
				CLANG_WARN_OBJC_ROOT_CLASS = YES_ERROR;
				CLANG_WARN__DUPLICATE_METHOD_MATCH = YES;
				"CODE_SIGN_IDENTITY[sdk=iphoneos*]" = "iPhone Developer";
				COPY_PHASE_STRIP = YES;
				ENABLE_NS_ASSERTIONS = NO;
				GCC_C_LANGUAGE_STANDARD = gnu99;
				GCC_WARN_64_TO_32_BIT_CONVERSION = YES;
				GCC_WARN_ABOUT_RETURN_TYPE = YES_ERROR;
				GCC_WARN_UNDECLARED_SELECTOR = YES;
				GCC_WARN_UNINITIALIZED_AUTOS = YES_AGGRESSIVE;
				GCC_WARN_UNUSED_FUNCTION = YES;
				GCC_WARN_UNUSED_VARIABLE = YES;
				IPHONEOS_DEPLOYMENT_TARGET = 7.1;
				SDKROOT = iphoneos;
				TARGETED_DEVICE_FAMILY = "1,2";
				VALIDATE_PRODUCT = YES;
			};
			name = Release;
		};
		0F70F413197DD5DA0092133A /* Debug */ = {
			isa = XCBuildConfiguration;
			buildSettings = {
				ASSETCATALOG_COMPILER_APPICON_NAME = AppIcon;
				ASSETCATALOG_COMPILER_LAUNCHIMAGE_NAME = LaunchImage;
				GCC_PRECOMPILE_PREFIX_HEADER = YES;
				GCC_PREFIX_HEADER = "IBProgressView/IBProgressView-Prefix.pch";
				INFOPLIST_FILE = "IBProgressView/IBProgressView-Info.plist";
				PRODUCT_NAME = "$(TARGET_NAME)";
				WRAPPER_EXTENSION = app;
			};
			name = Debug;
		};
		0F70F414197DD5DA0092133A /* Release */ = {
			isa = XCBuildConfiguration;
			buildSettings = {
				ASSETCATALOG_COMPILER_APPICON_NAME = AppIcon;
				ASSETCATALOG_COMPILER_LAUNCHIMAGE_NAME = LaunchImage;
				GCC_PRECOMPILE_PREFIX_HEADER = YES;
				GCC_PREFIX_HEADER = "IBProgressView/IBProgressView-Prefix.pch";
				INFOPLIST_FILE = "IBProgressView/IBProgressView-Info.plist";
				PRODUCT_NAME = "$(TARGET_NAME)";
				WRAPPER_EXTENSION = app;
			};
			name = Release;
		};
		0F70F416197DD5DA0092133A /* Debug */ = {
			isa = XCBuildConfiguration;
			buildSettings = {
				BUNDLE_LOADER = "$(BUILT_PRODUCTS_DIR)/IBProgressView.app/IBProgressView";
				FRAMEWORK_SEARCH_PATHS = (
					"$(SDKROOT)/Developer/Library/Frameworks",
					"$(inherited)",
					"$(DEVELOPER_FRAMEWORKS_DIR)",
				);
				GCC_PRECOMPILE_PREFIX_HEADER = YES;
				GCC_PREFIX_HEADER = "IBProgressView/IBProgressView-Prefix.pch";
				GCC_PREPROCESSOR_DEFINITIONS = (
					"DEBUG=1",
					"$(inherited)",
				);
				INFOPLIST_FILE = "IBProgressViewTests/IBProgressViewTests-Info.plist";
				PRODUCT_NAME = "$(TARGET_NAME)";
				TEST_HOST = "$(BUNDLE_LOADER)";
				WRAPPER_EXTENSION = xctest;
			};
			name = Debug;
		};
		0F70F417197DD5DA0092133A /* Release */ = {
			isa = XCBuildConfiguration;
			buildSettings = {
				BUNDLE_LOADER = "$(BUILT_PRODUCTS_DIR)/IBProgressView.app/IBProgressView";
				FRAMEWORK_SEARCH_PATHS = (
					"$(SDKROOT)/Developer/Library/Frameworks",
					"$(inherited)",
					"$(DEVELOPER_FRAMEWORKS_DIR)",
				);
				GCC_PRECOMPILE_PREFIX_HEADER = YES;
				GCC_PREFIX_HEADER = "IBProgressView/IBProgressView-Prefix.pch";
				INFOPLIST_FILE = "IBProgressViewTests/IBProgressViewTests-Info.plist";
				PRODUCT_NAME = "$(TARGET_NAME)";
				TEST_HOST = "$(BUNDLE_LOADER)";
				WRAPPER_EXTENSION = xctest;
			};
			name = Release;
		};
/* End XCBuildConfiguration section */

/* Begin XCConfigurationList section */
		0F70F3E1197DD5DA0092133A /* Build configuration list for PBXProject "IBProgressView" */ = {
			isa = XCConfigurationList;
			buildConfigurations = (
				0F70F410197DD5DA0092133A /* Debug */,
				0F70F411197DD5DA0092133A /* Release */,
			);
			defaultConfigurationIsVisible = 0;
			defaultConfigurationName = Release;
		};
		0F70F412197DD5DA0092133A /* Build configuration list for PBXNativeTarget "IBProgressView" */ = {
			isa = XCConfigurationList;
			buildConfigurations = (
				0F70F413197DD5DA0092133A /* Debug */,
				0F70F414197DD5DA0092133A /* Release */,
			);
			defaultConfigurationIsVisible = 0;
			defaultConfigurationName = Release;
		};
		0F70F415197DD5DA0092133A /* Build configuration list for PBXNativeTarget "IBProgressViewTests" */ = {
			isa = XCConfigurationList;
			buildConfigurations = (
				0F70F416197DD5DA0092133A /* Debug */,
				0F70F417197DD5DA0092133A /* Release */,
			);
			defaultConfigurationIsVisible = 0;
			defaultConfigurationName = Release;
		};
/* End XCConfigurationList section */
	};
	rootObject = 0F70F3DE197DD5DA0092133A /* Project object */;
}
